
Microsoft Visual Studio Solution File, Format Version 12.00
# Visual Studio Version 17
VisualStudioVersion = 17.4.33205.214
MinimumVisualStudioVersion = 10.0.40219.1
Project("{9A19103F-16F7-4668-BE54-9A1E7A4F7556}") = "IndexBuilder", "IndexBuilder\IndexBuilder.csproj", "{FD321893-8568-49C2-99CD-DCA46800F310}"
EndProject
Project("{FAE04EC0-301F-11D3-BF4B-00C04F79EFBC}") = "IndexBuilder.Tests", "IndexBuilder.Tests\IndexBuilder.Tests.csproj", "{35B0EBAA-58C2-4C60-944C-7F3B84C8FA8A}"
EndProject
Global
	GlobalSection(SolutionConfigurationPlatforms) = preSolution
		Debug|Any CPU = Debug|Any CPU
		Release|Any CPU = Release|Any CPU
	EndGlobalSection
	GlobalSection(ProjectConfigurationPlatforms) = postSolution
		{FD321893-8568-49C2-99CD-DCA46800F310}.Debug|Any CPU.ActiveCfg = Debug|Any CPU
		{FD321893-8568-49C2-99CD-DCA46800F310}.Debug|Any CPU.Build.0 = Debug|Any CPU
		{FD321893-8568-49C2-99CD-DCA46800F310}.Release|Any CPU.ActiveCfg = Release|Any CPU
		{FD321893-8568-49C2-99CD-DCA46800F310}.Release|Any CPU.Build.0 = Release|Any CPU
		{35B0EBAA-58C2-4C60-944C-7F3B84C8FA8A}.Debug|Any CPU.ActiveCfg = Debug|Any CPU
		{35B0EBAA-58C2-4C60-944C-7F3B84C8FA8A}.Debug|Any CPU.Build.0 = Debug|Any CPU
		{35B0EBAA-58C2-4C60-944C-7F3B84C8FA8A}.Release|Any CPU.ActiveCfg = Release|Any CPU
		{35B0EBAA-58C2-4C60-944C-7F3B84C8FA8A}.Release|Any CPU.Build.0 = Release|Any CPU
	EndGlobalSection
	GlobalSection(SolutionProperties) = preSolution
		HideSolutionNode = FALSE
	EndGlobalSection
	GlobalSection(ExtensibilityGlobals) = postSolution
		SolutionGuid = {53A95AB5-803B-4BDE-98EF-B5E09DC27AA4}
	EndGlobalSection
EndGlobal
